
Microsoft Visual Studio Solution File, Format Version 12.00
# Visual Studio Version 17
VisualStudioVersion = 17.5.33502.453
MinimumVisualStudioVersion = 10.0.40219.1
Project("{FAE04EC0-301F-11D3-BF4B-00C04F79EFBC}") = "Project3", "Project3\Project3.csproj", "{DB941DD3-8288-47FC-8425-EFB630EFB537}"
EndProject
Global
	GlobalSection(SolutionConfigurationPlatforms) = preSolution
		Debug|Any CPU = Debug|Any CPU
		Release|Any CPU = Release|Any CPU
	EndGlobalSection
	GlobalSection(ProjectConfigurationPlatforms) = postSolution
		{DB941DD3-8288-47FC-8425-EFB630EFB537}.Debug|Any CPU.ActiveCfg = Debug|Any CPU
		{DB941DD3-8288-47FC-8425-EFB630EFB537}.Debug|Any CPU.Build.0 = Debug|Any CPU
		{DB941DD3-8288-47FC-8425-EFB630EFB537}.Release|Any CPU.ActiveCfg = Release|Any CPU
		{DB941DD3-8288-47FC-8425-EFB630EFB537}.Release|Any CPU.Build.0 = Release|Any CPU
	EndGlobalSection
	GlobalSection(SolutionProperties) = preSolution
		HideSolutionNode = FALSE
	EndGlobalSection
	GlobalSection(ExtensibilityGlobals) = postSolution
		SolutionGuid = {324DA175-2E0F-4D3D-A925-F2304B669236}
	EndGlobalSection
EndGlobal
